
Microsoft Visual Studio Solution File, Format Version 12.00
# Visual Studio Version 17
VisualStudioVersion = 17.6.33801.468
MinimumVisualStudioVersion = 10.0.40219.1
Project("{FAE04EC0-301F-11D3-BF4B-00C04F79EFBC}") = "WILL3-DemoApp-WPF", "WILL3-DemoApp-WPF.csproj", "{6C6A7C9A-B5E6-4C8A-9856-A1CB6EE89B29}"
EndProject
Global
	GlobalSection(SolutionConfigurationPlatforms) = preSolution
		Debug|x64 = Debug|x64
		Release|x64 = Release|x64
	EndGlobalSection
	GlobalSection(ProjectConfigurationPlatforms) = postSolution
		{6C6A7C9A-B5E6-4C8A-9856-A1CB6EE89B29}.Debug|x64.ActiveCfg = Debug|x64
		{6C6A7C9A-B5E6-4C8A-9856-A1CB6EE89B29}.Debug|x64.Build.0 = Debug|x64
		{6C6A7C9A-B5E6-4C8A-9856-A1CB6EE89B29}.Release|x64.ActiveCfg = Release|x64
		{6C6A7C9A-B5E6-4C8A-9856-A1CB6EE89B29}.Release|x64.Build.0 = Release|x64
	EndGlobalSection
	GlobalSection(SolutionProperties) = preSolution
		HideSolutionNode = FALSE
	EndGlobalSection
	GlobalSection(ExtensibilityGlobals) = postSolution
		SolutionGuid = {3CAA6F40-0B2B-4529-914D-463C38627759}
	EndGlobalSection
EndGlobal
